{
  "lockfileVersion": 1,
  "configVersion": 1,
  "workspaces": {
    "": {
      "name": "joey-agent",
      "dependencies": {
        "@devchitchat/chatopsjs": "^1.0.5",
        "@playwright/mcp": "latest",
      },
    },
  },
  "packages": {
    "@devchitchat/chatopsjs": ["@devchitchat/chatopsjs@1.0.5", "", { "peerDependencies": { "typescript": "^5" }, "optionalPeers": ["typescript"], "bin": { "chatopsjs": "src/cli.js" } }, "sha512-X6FBCniYnFzqKln+519fZ876QUA11ofvEhaelwgXVx3wHns9f0xpL6KiZkM4n11l9cEyTHmwm5m9lHSav726gA=="],

    "@playwright/mcp": ["@playwright/mcp@0.0.79", "", { "dependencies": { "playwright": "1.63.0-alpha-2026-08-05", "playwright-core": "1.63.0-alpha-2026-08-05" }, "bin": { "playwright-mcp": "cli.js" } }, "sha512-VpqD4a3vFyGQMY9sh3UJiO6wjcurggkljKfAyCHL0QWGY5m6Ehr3MNsAAHPDHO//n13g0PCjpHatAOiulrqdZQ=="],

    "fsevents": ["fsevents@2.3.2", "", { "os": "darwin" }, "sha512-xiqMQR4xAeHTuB9uWm+fFRcIOgKBMiOBP+eXiyT7jsgVCq1bkVygt00oASowB7EdtpOHaaPgKt812P9ab+DDKA=="],

    "playwright": ["playwright@1.63.0-alpha-2026-08-05", "", { "dependencies": { "playwright-core": "1.63.0-alpha-2026-08-05" }, "optionalDependencies": { "fsevents": "2.3.2" }, "bin": { "playwright": "cli.js" } }, "sha512-zbGZUK+JYkoDV3cUgfvh2czTBJL34Gmz5gHVI25xiIpvYSR17Q1M7TS8hnwECUe+IkKaeXbKrSyJTyogm2DVWw=="],

    "playwright-core": ["playwright-core@1.63.0-alpha-2026-08-05", "", { "bin": { "playwright-core": "cli.js" } }, "sha512-YussvUybTfBtyYbGXWh43f+5kNP03wg98M6mu4DphYET7PSbNVajsdLGjWE1xrsjqOw32i2wFlRP7U5mcOpMZg=="],
  }
}
